
Microsoft Visual Studio Solution File, Format Version 12.00
# Visual Studio Version 17
VisualStudioVersion = 17.0.31919.166
MinimumVisualStudioVersion = 10.0.40219.1
Project("{6EC3EE1D-3C4E-46DD-8F32-0CC8E7565705}") = "SonarSweep", "AoC2021\SonarSweep.fsproj", "{14A39BF0-511C-4ABF-ABF0-E0AEFB5FFE7A}"
EndProject
Project("{6EC3EE1D-3C4E-46DD-8F32-0CC8E7565705}") = "Dive", "Dive\Dive.fsproj", "{9B378ABA-0DBD-460D-9C13-8938CD5ABAF1}"
EndProject
Project("{6EC3EE1D-3C4E-46DD-8F32-0CC8E7565705}") = "BinaryDiagnostic", "BinaryDiagnostic\BinaryDiagnostic.fsproj", "{195BF81F-1378-41B2-873D-79AF38FB0D93}"
EndProject
Project("{6EC3EE1D-3C4E-46DD-8F32-0CC8E7565705}") = "GiantSquid", "GiantSquid\GiantSquid.fsproj", "{33D85C23-FFB3-4CA0-B494-96273282CE2B}"
EndProject
Project("{6EC3EE1D-3C4E-46DD-8F32-0CC8E7565705}") = "HydrothermalVenture", "HydrothermalVenture\HydrothermalVenture.fsproj", "{932CC73D-A5E3-4B45-B4CD-9CC4D10E558B}"
EndProject
Project("{6EC3EE1D-3C4E-46DD-8F32-0CC8E7565705}") = "Lanternfish", "Lanternfish\Lanternfish.fsproj", "{9D91B93F-648E-4611-AD2F-8ADB425077E9}"
EndProject
Project("{6EC3EE1D-3C4E-46DD-8F32-0CC8E7565705}") = "TheTreacheryofWhales", "TheTreacheryofWhales\TheTreacheryofWhales.fsproj", "{5E88B864-6C57-4A60-8CA9-3A014ABC0159}"
EndProject
Project("{6EC3EE1D-3C4E-46DD-8F32-0CC8E7565705}") = "SevenSegmentSearch", "SevenSegmentSearch\SevenSegmentSearch.fsproj", "{1D31C88F-FB79-44D2-A8B4-779BE8371F68}"
EndProject
Project("{6EC3EE1D-3C4E-46DD-8F32-0CC8E7565705}") = "SmokeBasin", "SmokeBasin\SmokeBasin.fsproj", "{3931AEE4-60E1-482F-AF0C-B75CCC7FB6D1}"
EndProject
Project("{6EC3EE1D-3C4E-46DD-8F32-0CC8E7565705}") = "SyntaxScoring", "SyntaxScoring\SyntaxScoring.fsproj", "{5F90B7A0-89FE-42BC-8573-977AE351F167}"
EndProject
Project("{6EC3EE1D-3C4E-46DD-8F32-0CC8E7565705}") = "DumboOctopus", "DumboOctopus\DumboOctopus.fsproj", "{87AA53E4-9569-447F-8D3F-6DB1C39EB535}"
EndProject
Project("{6EC3EE1D-3C4E-46DD-8F32-0CC8E7565705}") = "PassagePathing", "PassagePathing\PassagePathing.fsproj", "{CD95C5C5-E066-41A5-A2DD-B2A4F58AF84E}"
EndProject
Project("{6EC3EE1D-3C4E-46DD-8F32-0CC8E7565705}") = "TransparentOrigami", "TransparentOrigami\TransparentOrigami.fsproj", "{FA8A2129-123E-4AB8-B729-4E00BFD89B5E}"
EndProject
Project("{6EC3EE1D-3C4E-46DD-8F32-0CC8E7565705}") = "ExtendedPolymerization", "ExtendedPolymerization\ExtendedPolymerization.fsproj", "{A480CDDA-40D5-4B5C-BC98-3073601EF1FE}"
EndProject
Project("{F2A71F9B-5D33-465A-A702-920D77279786}") = "Chiton", "Chiton\Chiton.fsproj", "{0A70AA40-ED50-4951-B2ED-48442DD19E06}"
EndProject
Global
	GlobalSection(SolutionConfigurationPlatforms) = preSolution
		Debug|Any CPU = Debug|Any CPU
		Release|Any CPU = Release|Any CPU
	EndGlobalSection
	GlobalSection(ProjectConfigurationPlatforms) = postSolution
		{14A39BF0-511C-4ABF-ABF0-E0AEFB5FFE7A}.Debug|Any CPU.ActiveCfg = Debug|Any CPU
		{14A39BF0-511C-4ABF-ABF0-E0AEFB5FFE7A}.Debug|Any CPU.Build.0 = Debug|Any CPU
		{14A39BF0-511C-4ABF-ABF0-E0AEFB5FFE7A}.Release|Any CPU.ActiveCfg = Release|Any CPU
		{14A39BF0-511C-4ABF-ABF0-E0AEFB5FFE7A}.Release|Any CPU.Build.0 = Release|Any CPU
		{9B378ABA-0DBD-460D-9C13-8938CD5ABAF1}.Debug|Any CPU.ActiveCfg = Debug|Any CPU
		{9B378ABA-0DBD-460D-9C13-8938CD5ABAF1}.Debug|Any CPU.Build.0 = Debug|Any CPU
		{9B378ABA-0DBD-460D-9C13-8938CD5ABAF1}.Release|Any CPU.ActiveCfg = Release|Any CPU
		{9B378ABA-0DBD-460D-9C13-8938CD5ABAF1}.Release|Any CPU.Build.0 = Release|Any CPU
		{195BF81F-1378-41B2-873D-79AF38FB0D93}.Debug|Any CPU.ActiveCfg = Debug|Any CPU
		{195BF81F-1378-41B2-873D-79AF38FB0D93}.Debug|Any CPU.Build.0 = Debug|Any CPU
		{195BF81F-1378-41B2-873D-79AF38FB0D93}.Release|Any CPU.ActiveCfg = Release|Any CPU
		{195BF81F-1378-41B2-873D-79AF38FB0D93}.Release|Any CPU.Build.0 = Release|Any CPU
		{33D85C23-FFB3-4CA0-B494-96273282CE2B}.Debug|Any CPU.ActiveCfg = Debug|Any CPU
		{33D85C23-FFB3-4CA0-B494-96273282CE2B}.Debug|Any CPU.Build.0 = Debug|Any CPU
		{33D85C23-FFB3-4CA0-B494-96273282CE2B}.Release|Any CPU.ActiveCfg = Release|Any CPU
		{33D85C23-FFB3-4CA0-B494-96273282CE2B}.Release|Any CPU.Build.0 = Release|Any CPU
		{932CC73D-A5E3-4B45-B4CD-9CC4D10E558B}.Debug|Any CPU.ActiveCfg = Debug|Any CPU
		{932CC73D-A5E3-4B45-B4CD-9CC4D10E558B}.Debug|Any CPU.Build.0 = Debug|Any CPU
		{932CC73D-A5E3-4B45-B4CD-9CC4D10E558B}.Release|Any CPU.ActiveCfg = Release|Any CPU
		{932CC73D-A5E3-4B45-B4CD-9CC4D10E558B}.Release|Any CPU.Build.0 = Release|Any CPU
		{9D91B93F-648E-4611-AD2F-8ADB425077E9}.Debug|Any CPU.ActiveCfg = Debug|Any CPU
		{9D91B93F-648E-4611-AD2F-8ADB425077E9}.Debug|Any CPU.Build.0 = Debug|Any CPU
		{9D91B93F-648E-4611-AD2F-8ADB425077E9}.Release|Any CPU.ActiveCfg = Release|Any CPU
		{9D91B93F-648E-4611-AD2F-8ADB425077E9}.Release|Any CPU.Build.0 = Release|Any CPU
		{5E88B864-6C57-4A60-8CA9-3A014ABC0159}.Debug|Any CPU.ActiveCfg = Debug|Any CPU
		{5E88B864-6C57-4A60-8CA9-3A014ABC0159}.Debug|Any CPU.Build.0 = Debug|Any CPU
		{5E88B864-6C57-4A60-8CA9-3A014ABC0159}.Release|Any CPU.ActiveCfg = Release|Any CPU
		{5E88B864-6C57-4A60-8CA9-3A014ABC0159}.Release|Any CPU.Build.0 = Release|Any CPU
		{1D31C88F-FB79-44D2-A8B4-779BE8371F68}.Debug|Any CPU.ActiveCfg = Debug|Any CPU
		{1D31C88F-FB79-44D2-A8B4-779BE8371F68}.Debug|Any CPU.Build.0 = Debug|Any CPU
		{1D31C88F-FB79-44D2-A8B4-779BE8371F68}.Release|Any CPU.ActiveCfg = Release|Any CPU
		{1D31C88F-FB79-44D2-A8B4-779BE8371F68}.Release|Any CPU.Build.0 = Release|Any CPU
		{3931AEE4-60E1-482F-AF0C-B75CCC7FB6D1}.Debug|Any CPU.ActiveCfg = Debug|Any CPU
		{3931AEE4-60E1-482F-AF0C-B75CCC7FB6D1}.Debug|Any CPU.Build.0 = Debug|Any CPU
		{3931AEE4-60E1-482F-AF0C-B75CCC7FB6D1}.Release|Any CPU.ActiveCfg = Release|Any CPU
		{3931AEE4-60E1-482F-AF0C-B75CCC7FB6D1}.Release|Any CPU.Build.0 = Release|Any CPU
		{5F90B7A0-89FE-42BC-8573-977AE351F167}.Debug|Any CPU.ActiveCfg = Debug|Any CPU
		{5F90B7A0-89FE-42BC-8573-977AE351F167}.Debug|Any CPU.Build.0 = Debug|Any CPU
		{5F90B7A0-89FE-42BC-8573-977AE351F167}.Release|Any CPU.ActiveCfg = Release|Any CPU
		{5F90B7A0-89FE-42BC-8573-977AE351F167}.Release|Any CPU.Build.0 = Release|Any CPU
		{87AA53E4-9569-447F-8D3F-6DB1C39EB535}.Debug|Any CPU.ActiveCfg = Debug|Any CPU
		{87AA53E4-9569-447F-8D3F-6DB1C39EB535}.Debug|Any CPU.Build.0 = Debug|Any CPU
		{87AA53E4-9569-447F-8D3F-6DB1C39EB535}.Release|Any CPU.ActiveCfg = Release|Any CPU
		{87AA53E4-9569-447F-8D3F-6DB1C39EB535}.Release|Any CPU.Build.0 = Release|Any CPU
		{CD95C5C5-E066-41A5-A2DD-B2A4F58AF84E}.Debug|Any CPU.ActiveCfg = Debug|Any CPU
		{CD95C5C5-E066-41A5-A2DD-B2A4F58AF84E}.Debug|Any CPU.Build.0 = Debug|Any CPU
		{CD95C5C5-E066-41A5-A2DD-B2A4F58AF84E}.Release|Any CPU.ActiveCfg = Release|Any CPU
		{CD95C5C5-E066-41A5-A2DD-B2A4F58AF84E}.Release|Any CPU.Build.0 = Release|Any CPU
		{FA8A2129-123E-4AB8-B729-4E00BFD89B5E}.Debug|Any CPU.ActiveCfg = Debug|Any CPU
		{FA8A2129-123E-4AB8-B729-4E00BFD89B5E}.Debug|Any CPU.Build.0 = Debug|Any CPU
		{FA8A2129-123E-4AB8-B729-4E00BFD89B5E}.Release|Any CPU.ActiveCfg = Release|Any CPU
		{FA8A2129-123E-4AB8-B729-4E00BFD89B5E}.Release|Any CPU.Build.0 = Release|Any CPU
		{A480CDDA-40D5-4B5C-BC98-3073601EF1FE}.Debug|Any CPU.ActiveCfg = Debug|Any CPU
		{A480CDDA-40D5-4B5C-BC98-3073601EF1FE}.Debug|Any CPU.Build.0 = Debug|Any CPU
		{A480CDDA-40D5-4B5C-BC98-3073601EF1FE}.Release|Any CPU.ActiveCfg = Release|Any CPU
		{A480CDDA-40D5-4B5C-BC98-3073601EF1FE}.Release|Any CPU.Build.0 = Release|Any CPU
		{0A70AA40-ED50-4951-B2ED-48442DD19E06}.Debug|Any CPU.ActiveCfg = Debug|Any CPU
		{0A70AA40-ED50-4951-B2ED-48442DD19E06}.Debug|Any CPU.Build.0 = Debug|Any CPU
		{0A70AA40-ED50-4951-B2ED-48442DD19E06}.Release|Any CPU.ActiveCfg = Release|Any CPU
		{0A70AA40-ED50-4951-B2ED-48442DD19E06}.Release|Any CPU.Build.0 = Release|Any CPU
	EndGlobalSection
	GlobalSection(SolutionProperties) = preSolution
		HideSolutionNode = FALSE
	EndGlobalSection
	GlobalSection(ExtensibilityGlobals) = postSolution
		SolutionGuid = {D7B257ED-672F-44DE-B502-FF8B983DC294}
	EndGlobalSection
EndGlobal
